// !$*UTF8*$!
{
	archiveVersion = 1;
	classes = {
	};
	objectVersion = 55;
	objects = {

/* Begin PBXBuildFile section */
		6AC3CD5A2B1A5A11563FA050 /* Pods_BankTest.framework in Frameworks */ = {isa = PBXBuildFile; fileRef = 4B7B4D7866D07C4727B1DEF2 /* Pods_BankTest.framework */; };
		D74D8C15287A9E66006AB434 /* logout 2.png in Resources */ = {isa = PBXBuildFile; fileRef = D74D8C13287A9E66006AB434 /* logout 2.png */; };
		D74D8C16287A9E66006AB434 /* Logo.png in Resources */ = {isa = PBXBuildFile; fileRef = D74D8C14287A9E66006AB434 /* Logo.png */; };
		D7502EB92881040B0070D972 /* PaymentCell.swift in Sources */ = {isa = PBXBuildFile; fileRef = D7502EB72881040B0070D972 /* PaymentCell.swift */; };
		D7502EBA2881040B0070D972 /* PaymentCell.xib in Resources */ = {isa = PBXBuildFile; fileRef = D7502EB82881040B0070D972 /* PaymentCell.xib */; };
		D7BEDCF428890610008A35A2 /* ExternalService.swift in Sources */ = {isa = PBXBuildFile; fileRef = D7BEDCF328890610008A35A2 /* ExternalService.swift */; };
		D7BEDCF6288907DA008A35A2 /* UIViewController+extensions.swift in Sources */ = {isa = PBXBuildFile; fileRef = D7BEDCF5288907DA008A35A2 /* UIViewController+extensions.swift */; };
		D7BEDCFA288A5F47008A35A2 /* Coordinator.swift in Sources */ = {isa = PBXBuildFile; fileRef = D7BEDCF9288A5F47008A35A2 /* Coordinator.swift */; };
		D7BEDCFD288A5FAC008A35A2 /* MainCoordinator.swift in Sources */ = {isa = PBXBuildFile; fileRef = D7BEDCFC288A5FAC008A35A2 /* MainCoordinator.swift */; };
		D7BEDD01288CE5DB008A35A2 /* UITableView+extensions.swift in Sources */ = {isa = PBXBuildFile; fileRef = D7BEDD00288CE5DB008A35A2 /* UITableView+extensions.swift */; };
		D7CE5F632877E29A00FA66AD /* AppDelegate.swift in Sources */ = {isa = PBXBuildFile; fileRef = D7CE5F622877E29A00FA66AD /* AppDelegate.swift */; };
		D7CE5F652877E29A00FA66AD /* SceneDelegate.swift in Sources */ = {isa = PBXBuildFile; fileRef = D7CE5F642877E29A00FA66AD /* SceneDelegate.swift */; };
		D7CE5F6C2877E29E00FA66AD /* Assets.xcassets in Resources */ = {isa = PBXBuildFile; fileRef = D7CE5F6B2877E29E00FA66AD /* Assets.xcassets */; };
		D7CE5F6F2877E29E00FA66AD /* LaunchScreen.storyboard in Resources */ = {isa = PBXBuildFile; fileRef = D7CE5F6D2877E29E00FA66AD /* LaunchScreen.storyboard */; };
		D7CE5F7A2877E29E00FA66AD /* BankTestTests.swift in Sources */ = {isa = PBXBuildFile; fileRef = D7CE5F792877E29E00FA66AD /* BankTestTests.swift */; };
		D7CE5F842877E29E00FA66AD /* BankTestUITests.swift in Sources */ = {isa = PBXBuildFile; fileRef = D7CE5F832877E29E00FA66AD /* BankTestUITests.swift */; };
		D7CE5F862877E29E00FA66AD /* BankTestUITestsLaunchTests.swift in Sources */ = {isa = PBXBuildFile; fileRef = D7CE5F852877E29E00FA66AD /* BankTestUITestsLaunchTests.swift */; };
		D7CE5F9A2877EB5100FA66AD /* LoginViewController.swift in Sources */ = {isa = PBXBuildFile; fileRef = D7CE5F982877EB5100FA66AD /* LoginViewController.swift */; };
		D7CE5F9B2877EB5100FA66AD /* LoginViewController.xib in Resources */ = {isa = PBXBuildFile; fileRef = D7CE5F992877EB5100FA66AD /* LoginViewController.xib */; };
		D7CE5F9E2877EC6700FA66AD /* PaymentsViewController.swift in Sources */ = {isa = PBXBuildFile; fileRef = D7CE5F9C2877EC6700FA66AD /* PaymentsViewController.swift */; };
		D7CE5F9F2877EC6700FA66AD /* PaymentsViewController.xib in Resources */ = {isa = PBXBuildFile; fileRef = D7CE5F9D2877EC6700FA66AD /* PaymentsViewController.xib */; };
		D7D26F1A287B895900F2EE08 /* String+extensions.swift in Sources */ = {isa = PBXBuildFile; fileRef = D7D26F19287B895900F2EE08 /* String+extensions.swift */; };
		D7E61F25287E053A00BDCF12 /* CustomerModel.swift in Sources */ = {isa = PBXBuildFile; fileRef = D7E61F24287E053A00BDCF12 /* CustomerModel.swift */; };
		D7E61F27287E082400BDCF12 /* LoginViewModel.swift in Sources */ = {isa = PBXBuildFile; fileRef = D7E61F26287E082400BDCF12 /* LoginViewModel.swift */; };
		D7E61F2A287E1B9600BDCF12 /* MoyaService.swift in Sources */ = {isa = PBXBuildFile; fileRef = D7E61F29287E1B9600BDCF12 /* MoyaService.swift */; };
		D7E61F2D287E83AB00BDCF12 /* Observable.swift in Sources */ = {isa = PBXBuildFile; fileRef = D7E61F2C287E83AB00BDCF12 /* Observable.swift */; };
		D7FB9BCA287FEAC600147C1F /* PaymentModel.swift in Sources */ = {isa = PBXBuildFile; fileRef = D7FB9BC9287FEAC600147C1F /* PaymentModel.swift */; };
		D7FB9BCC287FEB8B00147C1F /* PaymentsViewModel.swift in Sources */ = {isa = PBXBuildFile; fileRef = D7FB9BCB287FEB8B00147C1F /* PaymentsViewModel.swift */; };
/* End PBXBuildFile section */

/* Begin PBXContainerItemProxy section */
		D7CE5F762877E29E00FA66AD /* PBXContainerItemProxy */ = {
			isa = PBXContainerItemProxy;
			containerPortal = D7CE5F572877E29A00FA66AD /* Project object */;
			proxyType = 1;
			remoteGlobalIDString = D7CE5F5E2877E29A00FA66AD;
			remoteInfo = BankTest;
		};
		D7CE5F802877E29E00FA66AD /* PBXContainerItemProxy */ = {
			isa = PBXContainerItemProxy;
			containerPortal = D7CE5F572877E29A00FA66AD /* Project object */;
			proxyType = 1;
			remoteGlobalIDString = D7CE5F5E2877E29A00FA66AD;
			remoteInfo = BankTest;
		};
/* End PBXContainerItemProxy section */

/* Begin PBXFileReference section */
		1DE477F70140F5DEDB26DFC8 /* Pods-BankTest.debug.xcconfig */ = {isa = PBXFileReference; includeInIndex = 1; lastKnownFileType = text.xcconfig; name = "Pods-BankTest.debug.xcconfig"; path = "Target Support Files/Pods-BankTest/Pods-BankTest.debug.xcconfig"; sourceTree = "<group>"; };
		4B7B4D7866D07C4727B1DEF2 /* Pods_BankTest.framework */ = {isa = PBXFileReference; explicitFileType = wrapper.framework; includeInIndex = 0; path = Pods_BankTest.framework; sourceTree = BUILT_PRODUCTS_DIR; };
		9C430CB027B1580C0DEC6D5D /* Pods-BankTest.release.xcconfig */ = {isa = PBXFileReference; includeInIndex = 1; lastKnownFileType = text.xcconfig; name = "Pods-BankTest.release.xcconfig"; path = "Target Support Files/Pods-BankTest/Pods-BankTest.release.xcconfig"; sourceTree = "<group>"; };
		D74D8C13287A9E66006AB434 /* logout 2.png */ = {isa = PBXFileReference; lastKnownFileType = image.png; path = "logout 2.png"; sourceTree = "<group>"; };
		D74D8C14287A9E66006AB434 /* Logo.png */ = {isa = PBXFileReference; lastKnownFileType = image.png; path = Logo.png; sourceTree = "<group>"; };
		D7502EB72881040B0070D972 /* PaymentCell.swift */ = {isa = PBXFileReference; lastKnownFileType = sourcecode.swift; path = PaymentCell.swift; sourceTree = "<group>"; };
		D7502EB82881040B0070D972 /* PaymentCell.xib */ = {isa = PBXFileReference; lastKnownFileType = file.xib; path = PaymentCell.xib; sourceTree = "<group>"; };
		D7BEDCF328890610008A35A2 /* ExternalService.swift */ = {isa = PBXFileReference; lastKnownFileType = sourcecode.swift; path = ExternalService.swift; sourceTree = "<group>"; };
		D7BEDCF5288907DA008A35A2 /* UIViewController+extensions.swift */ = {isa = PBXFileReference; lastKnownFileType = sourcecode.swift; path = "UIViewController+extensions.swift"; sourceTree = "<group>"; };
		D7BEDCF9288A5F47008A35A2 /* Coordinator.swift */ = {isa = PBXFileReference; lastKnownFileType = sourcecode.swift; path = Coordinator.swift; sourceTree = "<group>"; };
		D7BEDCFC288A5FAC008A35A2 /* MainCoordinator.swift */ = {isa = PBXFileReference; lastKnownFileType = sourcecode.swift; path = MainCoordinator.swift; sourceTree = "<group>"; };
		D7BEDD00288CE5DB008A35A2 /* UITableView+extensions.swift */ = {isa = PBXFileReference; lastKnownFileType = sourcecode.swift; path = "UITableView+extensions.swift"; sourceTree = "<group>"; };
		D7CE5F5F2877E29A00FA66AD /* BankTest.app */ = {isa = PBXFileReference; explicitFileType = wrapper.application; includeInIndex = 0; path = BankTest.app; sourceTree = BUILT_PRODUCTS_DIR; };
		D7CE5F622877E29A00FA66AD /* AppDelegate.swift */ = {isa = PBXFileReference; lastKnownFileType = sourcecode.swift; path = AppDelegate.swift; sourceTree = "<group>"; };
		D7CE5F642877E29A00FA66AD /* SceneDelegate.swift */ = {isa = PBXFileReference; lastKnownFileType = sourcecode.swift; path = SceneDelegate.swift; sourceTree = "<group>"; };
		D7CE5F6B2877E29E00FA66AD /* Assets.xcassets */ = {isa = PBXFileReference; lastKnownFileType = folder.assetcatalog; path = Assets.xcassets; sourceTree = "<group>"; };
		D7CE5F6E2877E29E00FA66AD /* Base */ = {isa = PBXFileReference; lastKnownFileType = file.storyboard; name = Base; path = Base.lproj/LaunchScreen.storyboard; sourceTree = "<group>"; };
		D7CE5F702877E29E00FA66AD /* Info.plist */ = {isa = PBXFileReference; lastKnownFileType = text.plist.xml; path = Info.plist; sourceTree = "<group>"; };
		D7CE5F752877E29E00FA66AD /* BankTestTests.xctest */ = {isa = PBXFileReference; explicitFileType = wrapper.cfbundle; includeInIndex = 0; path = BankTestTests.xctest; sourceTree = BUILT_PRODUCTS_DIR; };
		D7CE5F792877E29E00FA66AD /* BankTestTests.swift */ = {isa = PBXFileReference; lastKnownFileType = sourcecode.swift; path = BankTestTests.swift; sourceTree = "<group>"; };
		D7CE5F7F2877E29E00FA66AD /* BankTestUITests.xctest */ = {isa = PBXFileReference; explicitFileType = wrapper.cfbundle; includeInIndex = 0; path = BankTestUITests.xctest; sourceTree = BUILT_PRODUCTS_DIR; };
		D7CE5F832877E29E00FA66AD /* BankTestUITests.swift */ = {isa = PBXFileReference; lastKnownFileType = sourcecode.swift; path = BankTestUITests.swift; sourceTree = "<group>"; };
		D7CE5F852877E29E00FA66AD /* BankTestUITestsLaunchTests.swift */ = {isa = PBXFileReference; lastKnownFileType = sourcecode.swift; path = BankTestUITestsLaunchTests.swift; sourceTree = "<group>"; };
		D7CE5F982877EB5100FA66AD /* LoginViewController.swift */ = {isa = PBXFileReference; lastKnownFileType = sourcecode.swift; path = LoginViewController.swift; sourceTree = "<group>"; };
		D7CE5F992877EB5100FA66AD /* LoginViewController.xib */ = {isa = PBXFileReference; lastKnownFileType = file.xib; path = LoginViewController.xib; sourceTree = "<group>"; };
		D7CE5F9C2877EC6700FA66AD /* PaymentsViewController.swift */ = {isa = PBXFileReference; lastKnownFileType = sourcecode.swift; path = PaymentsViewController.swift; sourceTree = "<group>"; };
		D7CE5F9D2877EC6700FA66AD /* PaymentsViewController.xib */ = {isa = PBXFileReference; lastKnownFileType = file.xib; path = PaymentsViewController.xib; sourceTree = "<group>"; };
		D7D26F19287B895900F2EE08 /* String+extensions.swift */ = {isa = PBXFileReference; lastKnownFileType = sourcecode.swift; path = "String+extensions.swift"; sourceTree = "<group>"; };
		D7E61F24287E053A00BDCF12 /* CustomerModel.swift */ = {isa = PBXFileReference; lastKnownFileType = sourcecode.swift; path = CustomerModel.swift; sourceTree = "<group>"; };
		D7E61F26287E082400BDCF12 /* LoginViewModel.swift */ = {isa = PBXFileReference; lastKnownFileType = sourcecode.swift; path = LoginViewModel.swift; sourceTree = "<group>"; };
		D7E61F29287E1B9600BDCF12 /* MoyaService.swift */ = {isa = PBXFileReference; lastKnownFileType = sourcecode.swift; path = MoyaService.swift; sourceTree = "<group>"; };
		D7E61F2C287E83AB00BDCF12 /* Observable.swift */ = {isa = PBXFileReference; lastKnownFileType = sourcecode.swift; path = Observable.swift; sourceTree = "<group>"; };
		D7FB9BC9287FEAC600147C1F /* PaymentModel.swift */ = {isa = PBXFileReference; lastKnownFileType = sourcecode.swift; path = PaymentModel.swift; sourceTree = "<group>"; };
		D7FB9BCB287FEB8B00147C1F /* PaymentsViewModel.swift */ = {isa = PBXFileReference; lastKnownFileType = sourcecode.swift; path = PaymentsViewModel.swift; sourceTree = "<group>"; };
/* End PBXFileReference section */

/* Begin PBXFrameworksBuildPhase section */
		D7CE5F5C2877E29A00FA66AD /* Frameworks */ = {
			isa = PBXFrameworksBuildPhase;
			buildActionMask = 2147483647;
			files = (
				6AC3CD5A2B1A5A11563FA050 /* Pods_BankTest.framework in Frameworks */,
			);
			runOnlyForDeploymentPostprocessing = 0;
		};
		D7CE5F722877E29E00FA66AD /* Frameworks */ = {
			isa = PBXFrameworksBuildPhase;
			buildActionMask = 2147483647;
			files = (
			);
			runOnlyForDeploymentPostprocessing = 0;
		};
		D7CE5F7C2877E29E00FA66AD /* Frameworks */ = {
			isa = PBXFrameworksBuildPhase;
			buildActionMask = 2147483647;
			files = (
			);
			runOnlyForDeploymentPostprocessing = 0;
		};
/* End PBXFrameworksBuildPhase section */

/* Begin PBXGroup section */
		03123DFB92A0F8EEBA510CB5 /* Pods */ = {
			isa = PBXGroup;
			children = (
				1DE477F70140F5DEDB26DFC8 /* Pods-BankTest.debug.xcconfig */,
				9C430CB027B1580C0DEC6D5D /* Pods-BankTest.release.xcconfig */,
			);
			path = Pods;
			sourceTree = "<group>";
		};
		A128F80C41E9245D3137C0BF /* Frameworks */ = {
			isa = PBXGroup;
			children = (
				4B7B4D7866D07C4727B1DEF2 /* Pods_BankTest.framework */,
			);
			name = Frameworks;
			sourceTree = "<group>";
		};
		D74D8C17287A9E9F006AB434 /* Assets */ = {
			isa = PBXGroup;
			children = (
				D74D8C14287A9E66006AB434 /* Logo.png */,
				D74D8C13287A9E66006AB434 /* logout 2.png */,
			);
			path = Assets;
			sourceTree = "<group>";
		};
		D7502EBB28811EE40070D972 /* View */ = {
			isa = PBXGroup;
			children = (
				D7BEDCF728891617008A35A2 /* Cell */,
				D7CE5F9C2877EC6700FA66AD /* PaymentsViewController.swift */,
				D7CE5F9D2877EC6700FA66AD /* PaymentsViewController.xib */,
			);
			path = View;
			sourceTree = "<group>";
		};
		D7502EBC28811EEA0070D972 /* Model */ = {
			isa = PBXGroup;
			children = (
				D7FB9BC9287FEAC600147C1F /* PaymentModel.swift */,
			);
			path = Model;
			sourceTree = "<group>";
		};
		D7502EBD28811EF50070D972 /* ViewModel */ = {
			isa = PBXGroup;
			children = (
				D7FB9BCB287FEB8B00147C1F /* PaymentsViewModel.swift */,
			);
			path = ViewModel;
			sourceTree = "<group>";
		};
		D7502EBE28811F150070D972 /* View */ = {
			isa = PBXGroup;
			children = (
				D7CE5F982877EB5100FA66AD /* LoginViewController.swift */,
				D7CE5F992877EB5100FA66AD /* LoginViewController.xib */,
			);
			path = View;
			sourceTree = "<group>";
		};
		D7502EBF28811F1C0070D972 /* ViewModel */ = {
			isa = PBXGroup;
			children = (
				D7E61F26287E082400BDCF12 /* LoginViewModel.swift */,
			);
			path = ViewModel;
			sourceTree = "<group>";
		};
		D7502EC028811F260070D972 /* Model */ = {
			isa = PBXGroup;
			children = (
				D7E61F24287E053A00BDCF12 /* CustomerModel.swift */,
			);
			path = Model;
			sourceTree = "<group>";
		};
		D7BEDCF2288905CA008A35A2 /* External */ = {
			isa = PBXGroup;
			children = (
				D7E61F28287E1ABE00BDCF12 /* MoyaService */,
				D7BEDCF328890610008A35A2 /* ExternalService.swift */,
			);
			path = External;
			sourceTree = "<group>";
		};
		D7BEDCF728891617008A35A2 /* Cell */ = {
			isa = PBXGroup;
			children = (
				D7502EB72881040B0070D972 /* PaymentCell.swift */,
				D7502EB82881040B0070D972 /* PaymentCell.xib */,
			);
			path = Cell;
			sourceTree = "<group>";
		};
		D7BEDCF8288A5F30008A35A2 /* Protocols */ = {
			isa = PBXGroup;
			children = (
				D7BEDCF9288A5F47008A35A2 /* Coordinator.swift */,
			);
			path = Protocols;
			sourceTree = "<group>";
		};
		D7BEDCFB288A5F95008A35A2 /* Coordinator */ = {
			isa = PBXGroup;
			children = (
				D7BEDCFC288A5FAC008A35A2 /* MainCoordinator.swift */,
			);
			path = Coordinator;
			sourceTree = "<group>";
		};
		D7CE5F562877E29A00FA66AD = {
			isa = PBXGroup;
			children = (
				D7CE5F612877E29A00FA66AD /* BankTest */,
				D7CE5F782877E29E00FA66AD /* BankTestTests */,
				D7CE5F822877E29E00FA66AD /* BankTestUITests */,
				D7CE5F602877E29A00FA66AD /* Products */,
				03123DFB92A0F8EEBA510CB5 /* Pods */,
				A128F80C41E9245D3137C0BF /* Frameworks */,
			);
			sourceTree = "<group>";
		};
		D7CE5F602877E29A00FA66AD /* Products */ = {
			isa = PBXGroup;
			children = (
				D7CE5F5F2877E29A00FA66AD /* BankTest.app */,
				D7CE5F752877E29E00FA66AD /* BankTestTests.xctest */,
				D7CE5F7F2877E29E00FA66AD /* BankTestUITests.xctest */,
			);
			name = Products;
			sourceTree = "<group>";
		};
		D7CE5F612877E29A00FA66AD /* BankTest */ = {
			isa = PBXGroup;
			children = (
				D7BEDCFB288A5F95008A35A2 /* Coordinator */,
				D7BEDCF2288905CA008A35A2 /* External */,
				D7FB9BC6287FCF7400147C1F /* Screens */,
				D7D26F17287B88F500F2EE08 /* Utils */,
				D74D8C17287A9E9F006AB434 /* Assets */,
				D7CE5F622877E29A00FA66AD /* AppDelegate.swift */,
				D7CE5F642877E29A00FA66AD /* SceneDelegate.swift */,
				D7CE5F6B2877E29E00FA66AD /* Assets.xcassets */,
				D7CE5F6D2877E29E00FA66AD /* LaunchScreen.storyboard */,
				D7CE5F702877E29E00FA66AD /* Info.plist */,
			);
			path = BankTest;
			sourceTree = "<group>";
		};
		D7CE5F782877E29E00FA66AD /* BankTestTests */ = {
			isa = PBXGroup;
			children = (
				D7CE5F792877E29E00FA66AD /* BankTestTests.swift */,
			);
			path = BankTestTests;
			sourceTree = "<group>";
		};
		D7CE5F822877E29E00FA66AD /* BankTestUITests */ = {
			isa = PBXGroup;
			children = (
				D7CE5F832877E29E00FA66AD /* BankTestUITests.swift */,
				D7CE5F852877E29E00FA66AD /* BankTestUITestsLaunchTests.swift */,
			);
			path = BankTestUITests;
			sourceTree = "<group>";
		};
		D7D26F16287B88CC00F2EE08 /* Login */ = {
			isa = PBXGroup;
			children = (
				D7502EC028811F260070D972 /* Model */,
				D7502EBE28811F150070D972 /* View */,
				D7502EBF28811F1C0070D972 /* ViewModel */,
			);
			path = Login;
			sourceTree = "<group>";
		};
		D7D26F17287B88F500F2EE08 /* Utils */ = {
			isa = PBXGroup;
			children = (
				D7BEDCF8288A5F30008A35A2 /* Protocols */,
				D7E61F2B287E839800BDCF12 /* Class */,
				D7D26F18287B892F00F2EE08 /* Extensions */,
			);
			path = Utils;
			sourceTree = "<group>";
		};
		D7D26F18287B892F00F2EE08 /* Extensions */ = {
			isa = PBXGroup;
			children = (
				D7BEDCF5288907DA008A35A2 /* UIViewController+extensions.swift */,
				D7D26F19287B895900F2EE08 /* String+extensions.swift */,
				D7BEDD00288CE5DB008A35A2 /* UITableView+extensions.swift */,
			);
			path = Extensions;
			sourceTree = "<group>";
		};
		D7E61F28287E1ABE00BDCF12 /* MoyaService */ = {
			isa = PBXGroup;
			children = (
				D7E61F29287E1B9600BDCF12 /* MoyaService.swift */,
			);
			path = MoyaService;
			sourceTree = "<group>";
		};
		D7E61F2B287E839800BDCF12 /* Class */ = {
			isa = PBXGroup;
			children = (
				D7E61F2C287E83AB00BDCF12 /* Observable.swift */,
			);
			path = Class;
			sourceTree = "<group>";
		};
		D7FB9BC6287FCF7400147C1F /* Screens */ = {
			isa = PBXGroup;
			children = (
				D7FB9BC7287FCF7E00147C1F /* Payments */,
				D7D26F16287B88CC00F2EE08 /* Login */,
			);
			path = Screens;
			sourceTree = "<group>";
		};
		D7FB9BC7287FCF7E00147C1F /* Payments */ = {
			isa = PBXGroup;
			children = (
				D7502EBC28811EEA0070D972 /* Model */,
				D7502EBB28811EE40070D972 /* View */,
				D7502EBD28811EF50070D972 /* ViewModel */,
			);
			path = Payments;
			sourceTree = "<group>";
		};
/* End PBXGroup section */

/* Begin PBXNativeTarget section */
		D7CE5F5E2877E29A00FA66AD /* BankTest */ = {
			isa = PBXNativeTarget;
			buildConfigurationList = D7CE5F892877E29E00FA66AD /* Build configuration list for PBXNativeTarget "BankTest" */;
			buildPhases = (
				60EB34802C66F10B7C52129C /* [CP] Check Pods Manifest.lock */,
				D7F690F9287BE1D700A061B6 /* Run SwiftLint */,
				D7CE5F5B2877E29A00FA66AD /* Sources */,
				D7CE5F5C2877E29A00FA66AD /* Frameworks */,
				D7CE5F5D2877E29A00FA66AD /* Resources */,
				AFED421F6E0529220C55F6A1 /* [CP] Embed Pods Frameworks */,
			);
			buildRules = (
			);
			dependencies = (
			);
			name = BankTest;
			productName = BankTest;
			productReference = D7CE5F5F2877E29A00FA66AD /* BankTest.app */;
			productType = "com.apple.product-type.application";
		};
		D7CE5F742877E29E00FA66AD /* BankTestTests */ = {
			isa = PBXNativeTarget;
			buildConfigurationList = D7CE5F8C2877E29E00FA66AD /* Build configuration list for PBXNativeTarget "BankTestTests" */;
			buildPhases = (
				D7CE5F712877E29E00FA66AD /* Sources */,
				D7CE5F722877E29E00FA66AD /* Frameworks */,
				D7CE5F732877E29E00FA66AD /* Resources */,
			);
			buildRules = (
			);
			dependencies = (
				D7CE5F772877E29E00FA66AD /* PBXTargetDependency */,
			);
			name = BankTestTests;
			productName = BankTestTests;
			productReference = D7CE5F752877E29E00FA66AD /* BankTestTests.xctest */;
			productType = "com.apple.product-type.bundle.unit-test";
		};
		D7CE5F7E2877E29E00FA66AD /* BankTestUITests */ = {
			isa = PBXNativeTarget;
			buildConfigurationList = D7CE5F8F2877E29E00FA66AD /* Build configuration list for PBXNativeTarget "BankTestUITests" */;
			buildPhases = (
				D7CE5F7B2877E29E00FA66AD /* Sources */,
				D7CE5F7C2877E29E00FA66AD /* Frameworks */,
				D7CE5F7D2877E29E00FA66AD /* Resources */,
			);
			buildRules = (
			);
			dependencies = (
				D7CE5F812877E29E00FA66AD /* PBXTargetDependency */,
			);
			name = BankTestUITests;
			productName = BankTestUITests;
			productReference = D7CE5F7F2877E29E00FA66AD /* BankTestUITests.xctest */;
			productType = "com.apple.product-type.bundle.ui-testing";
		};
/* End PBXNativeTarget section */

/* Begin PBXProject section */
		D7CE5F572877E29A00FA66AD /* Project object */ = {
			isa = PBXProject;
			attributes = {
				BuildIndependentTargetsInParallel = 1;
				LastSwiftUpdateCheck = 1340;
				LastUpgradeCheck = 1340;
				TargetAttributes = {
					D7CE5F5E2877E29A00FA66AD = {
						CreatedOnToolsVersion = 13.4.1;
					};
					D7CE5F742877E29E00FA66AD = {
						CreatedOnToolsVersion = 13.4.1;
						TestTargetID = D7CE5F5E2877E29A00FA66AD;
					};
					D7CE5F7E2877E29E00FA66AD = {
						CreatedOnToolsVersion = 13.4.1;
						TestTargetID = D7CE5F5E2877E29A00FA66AD;
					};
				};
			};
			buildConfigurationList = D7CE5F5A2877E29A00FA66AD /* Build configuration list for PBXProject "BankTest" */;
			compatibilityVersion = "Xcode 13.0";
			developmentRegion = en;
			hasScannedForEncodings = 0;
			knownRegions = (
				en,
				Base,
			);
			mainGroup = D7CE5F562877E29A00FA66AD;
			productRefGroup = D7CE5F602877E29A00FA66AD /* Products */;
			projectDirPath = "";
			projectRoot = "";
			targets = (
				D7CE5F5E2877E29A00FA66AD /* BankTest */,
				D7CE5F742877E29E00FA66AD /* BankTestTests */,
				D7CE5F7E2877E29E00FA66AD /* BankTestUITests */,
			);
		};
/* End PBXProject section */

/* Begin PBXResourcesBuildPhase section */
		D7CE5F5D2877E29A00FA66AD /* Resources */ = {
			isa = PBXResourcesBuildPhase;
			buildActionMask = 2147483647;
			files = (
				D74D8C16287A9E66006AB434 /* Logo.png in Resources */,
				D7502EBA2881040B0070D972 /* PaymentCell.xib in Resources */,
				D7CE5F9F2877EC6700FA66AD /* PaymentsViewController.xib in Resources */,
				D7CE5F6F2877E29E00FA66AD /* LaunchScreen.storyboard in Resources */,
				D7CE5F6C2877E29E00FA66AD /* Assets.xcassets in Resources */,
				D74D8C15287A9E66006AB434 /* logout 2.png in Resources */,
				D7CE5F9B2877EB5100FA66AD /* LoginViewController.xib in Resources */,
			);
			runOnlyForDeploymentPostprocessing = 0;
		};
		D7CE5F732877E29E00FA66AD /* Resources */ = {
			isa = PBXResourcesBuildPhase;
			buildActionMask = 2147483647;
			files = (
			);
			runOnlyForDeploymentPostprocessing = 0;
		};
		D7CE5F7D2877E29E00FA66AD /* Resources */ = {
			isa = PBXResourcesBuildPhase;
			buildActionMask = 2147483647;
			files = (
			);
			runOnlyForDeploymentPostprocessing = 0;
		};
/* End PBXResourcesBuildPhase section */

/* Begin PBXShellScriptBuildPhase section */
		60EB34802C66F10B7C52129C /* [CP] Check Pods Manifest.lock */ = {
			isa = PBXShellScriptBuildPhase;
			buildActionMask = 2147483647;
			files = (
			);
			inputFileListPaths = (
			);
			inputPaths = (
				"${PODS_PODFILE_DIR_PATH}/Podfile.lock",
				"${PODS_ROOT}/Manifest.lock",
			);
			name = "[CP] Check Pods Manifest.lock";
			outputFileListPaths = (
			);
			outputPaths = (
				"$(DERIVED_FILE_DIR)/Pods-BankTest-checkManifestLockResult.txt",
			);
			runOnlyForDeploymentPostprocessing = 0;
			shellPath = /bin/sh;
			shellScript = "diff \"${PODS_PODFILE_DIR_PATH}/Podfile.lock\" \"${PODS_ROOT}/Manifest.lock\" > /dev/null\nif [ $? != 0 ] ; then\n    # print error to STDERR\n    echo \"error: The sandbox is not in sync with the Podfile.lock. Run 'pod install' or update your CocoaPods installation.\" >&2\n    exit 1\nfi\n# This output is used by Xcode 'outputs' to avoid re-running this script phase.\necho \"SUCCESS\" > \"${SCRIPT_OUTPUT_FILE_0}\"\n";
			showEnvVarsInLog = 0;
		};
		AFED421F6E0529220C55F6A1 /* [CP] Embed Pods Frameworks */ = {
			isa = PBXShellScriptBuildPhase;
			buildActionMask = 2147483647;
			files = (
			);
			inputFileListPaths = (
				"${PODS_ROOT}/Target Support Files/Pods-BankTest/Pods-BankTest-frameworks-${CONFIGURATION}-input-files.xcfilelist",
			);
			name = "[CP] Embed Pods Frameworks";
			outputFileListPaths = (
				"${PODS_ROOT}/Target Support Files/Pods-BankTest/Pods-BankTest-frameworks-${CONFIGURATION}-output-files.xcfilelist",
			);
			runOnlyForDeploymentPostprocessing = 0;
			shellPath = /bin/sh;
			shellScript = "\"${PODS_ROOT}/Target Support Files/Pods-BankTest/Pods-BankTest-frameworks.sh\"\n";
			showEnvVarsInLog = 0;
		};
		D7F690F9287BE1D700A061B6 /* Run SwiftLint */ = {
			isa = PBXShellScriptBuildPhase;
			buildActionMask = 2147483647;
			files = (
			);
			inputFileListPaths = (
			);
			inputPaths = (
			);
			name = "Run SwiftLint";
			outputFileListPaths = (
			);
			outputPaths = (
			);
			runOnlyForDeploymentPostprocessing = 0;
			shellPath = /bin/sh;
			shellScript = "\"${PODS_ROOT}/SwiftLint/swiftlint\"\n";
		};
/* End PBXShellScriptBuildPhase section */

/* Begin PBXSourcesBuildPhase section */
		D7CE5F5B2877E29A00FA66AD /* Sources */ = {
			isa = PBXSourcesBuildPhase;
			buildActionMask = 2147483647;
			files = (
				D7CE5F9E2877EC6700FA66AD /* PaymentsViewController.swift in Sources */,
				D7E61F25287E053A00BDCF12 /* CustomerModel.swift in Sources */,
				D7BEDCFA288A5F47008A35A2 /* Coordinator.swift in Sources */,
				D7FB9BCC287FEB8B00147C1F /* PaymentsViewModel.swift in Sources */,
				D7CE5F9A2877EB5100FA66AD /* LoginViewController.swift in Sources */,
				D7CE5F632877E29A00FA66AD /* AppDelegate.swift in Sources */,
				D7FB9BCA287FEAC600147C1F /* PaymentModel.swift in Sources */,
				D7BEDCF6288907DA008A35A2 /* UIViewController+extensions.swift in Sources */,
				D7502EB92881040B0070D972 /* PaymentCell.swift in Sources */,
				D7BEDCFD288A5FAC008A35A2 /* MainCoordinator.swift in Sources */,
				D7E61F2D287E83AB00BDCF12 /* Observable.swift in Sources */,
				D7CE5F652877E29A00FA66AD /* SceneDelegate.swift in Sources */,
				D7BEDCF428890610008A35A2 /* ExternalService.swift in Sources */,
				D7D26F1A287B895900F2EE08 /* String+extensions.swift in Sources */,
				D7BEDD01288CE5DB008A35A2 /* UITableView+extensions.swift in Sources */,
				D7E61F2A287E1B9600BDCF12 /* MoyaService.swift in Sources */,
				D7E61F27287E082400BDCF12 /* LoginViewModel.swift in Sources */,
			);
			runOnlyForDeploymentPostprocessing = 0;
		};
		D7CE5F712877E29E00FA66AD /* Sources */ = {
			isa = PBXSourcesBuildPhase;
			buildActionMask = 2147483647;
			files = (
				D7CE5F7A2877E29E00FA66AD /* BankTestTests.swift in Sources */,
			);
			runOnlyForDeploymentPostprocessing = 0;
		};
		D7CE5F7B2877E29E00FA66AD /* Sources */ = {
			isa = PBXSourcesBuildPhase;
			buildActionMask = 2147483647;
			files = (
				D7CE5F862877E29E00FA66AD /* BankTestUITestsLaunchTests.swift in Sources */,
				D7CE5F842877E29E00FA66AD /* BankTestUITests.swift in Sources */,
			);
			runOnlyForDeploymentPostprocessing = 0;
		};
/* End PBXSourcesBuildPhase section */

/* Begin PBXTargetDependency section */
		D7CE5F772877E29E00FA66AD /* PBXTargetDependency */ = {
			isa = PBXTargetDependency;
			target = D7CE5F5E2877E29A00FA66AD /* BankTest */;
			targetProxy = D7CE5F762877E29E00FA66AD /* PBXContainerItemProxy */;
		};
		D7CE5F812877E29E00FA66AD /* PBXTargetDependency */ = {
			isa = PBXTargetDependency;
			target = D7CE5F5E2877E29A00FA66AD /* BankTest */;
			targetProxy = D7CE5F802877E29E00FA66AD /* PBXContainerItemProxy */;
		};
/* End PBXTargetDependency section */

/* Begin PBXVariantGroup section */
		D7CE5F6D2877E29E00FA66AD /* LaunchScreen.storyboard */ = {
			isa = PBXVariantGroup;
			children = (
				D7CE5F6E2877E29E00FA66AD /* Base */,
			);
			name = LaunchScreen.storyboard;
			sourceTree = "<group>";
		};
/* End PBXVariantGroup section */

/* Begin XCBuildConfiguration section */
		D7CE5F872877E29E00FA66AD /* Debug */ = {
			isa = XCBuildConfiguration;
			buildSettings = {
				ALWAYS_SEARCH_USER_PATHS = NO;
				CLANG_ANALYZER_NONNULL = YES;
				CLANG_ANALYZER_NUMBER_OBJECT_CONVERSION = YES_AGGRESSIVE;
				CLANG_CXX_LANGUAGE_STANDARD = "gnu++17";
				CLANG_ENABLE_MODULES = YES;
				CLANG_ENABLE_OBJC_ARC = YES;
				CLANG_ENABLE_OBJC_WEAK = YES;
				CLANG_WARN_BLOCK_CAPTURE_AUTORELEASING = YES;
				CLANG_WARN_BOOL_CONVERSION = YES;
				CLANG_WARN_COMMA = YES;
				CLANG_WARN_CONSTANT_CONVERSION = YES;
				CLANG_WARN_DEPRECATED_OBJC_IMPLEMENTATIONS = YES;
				CLANG_WARN_DIRECT_OBJC_ISA_USAGE = YES_ERROR;
				CLANG_WARN_DOCUMENTATION_COMMENTS = YES;
				CLANG_WARN_EMPTY_BODY = YES;
				CLANG_WARN_ENUM_CONVERSION = YES;
				CLANG_WARN_INFINITE_RECURSION = YES;
				CLANG_WARN_INT_CONVERSION = YES;
				CLANG_WARN_NON_LITERAL_NULL_CONVERSION = YES;
				CLANG_WARN_OBJC_IMPLICIT_RETAIN_SELF = YES;
				CLANG_WARN_OBJC_LITERAL_CONVERSION = YES;
				CLANG_WARN_OBJC_ROOT_CLASS = YES_ERROR;
				CLANG_WARN_QUOTED_INCLUDE_IN_FRAMEWORK_HEADER = YES;
				CLANG_WARN_RANGE_LOOP_ANALYSIS = YES;
				CLANG_WARN_STRICT_PROTOTYPES = YES;
				CLANG_WARN_SUSPICIOUS_MOVE = YES;
				CLANG_WARN_UNGUARDED_AVAILABILITY = YES_AGGRESSIVE;
				CLANG_WARN_UNREACHABLE_CODE = YES;
				CLANG_WARN__DUPLICATE_METHOD_MATCH = YES;
				COPY_PHASE_STRIP = NO;
				DEBUG_INFORMATION_FORMAT = dwarf;
				ENABLE_STRICT_OBJC_MSGSEND = YES;
				ENABLE_TESTABILITY = YES;
				GCC_C_LANGUAGE_STANDARD = gnu11;
				GCC_DYNAMIC_NO_PIC = NO;
				GCC_NO_COMMON_BLOCKS = YES;
				GCC_OPTIMIZATION_LEVEL = 0;
				GCC_PREPROCESSOR_DEFINITIONS = (
					"DEBUG=1",
					"$(inherited)",
				);
				GCC_WARN_64_TO_32_BIT_CONVERSION = YES;
				GCC_WARN_ABOUT_RETURN_TYPE = YES_ERROR;
				GCC_WARN_UNDECLARED_SELECTOR = YES;
				GCC_WARN_UNINITIALIZED_AUTOS = YES_AGGRESSIVE;
				GCC_WARN_UNUSED_FUNCTION = YES;
				GCC_WARN_UNUSED_VARIABLE = YES;
				IPHONEOS_DEPLOYMENT_TARGET = 15.5;
				MTL_ENABLE_DEBUG_INFO = INCLUDE_SOURCE;
				MTL_FAST_MATH = YES;
				ONLY_ACTIVE_ARCH = YES;
				SDKROOT = iphoneos;
				SWIFT_ACTIVE_COMPILATION_CONDITIONS = DEBUG;
				SWIFT_OPTIMIZATION_LEVEL = "-Onone";
			};
			name = Debug;
		};
		D7CE5F882877E29E00FA66AD /* Release */ = {
			isa = XCBuildConfiguration;
			buildSettings = {
				ALWAYS_SEARCH_USER_PATHS = NO;
				CLANG_ANALYZER_NONNULL = YES;
				CLANG_ANALYZER_NUMBER_OBJECT_CONVERSION = YES_AGGRESSIVE;
				CLANG_CXX_LANGUAGE_STANDARD = "gnu++17";
				CLANG_ENABLE_MODULES = YES;
				CLANG_ENABLE_OBJC_ARC = YES;
				CLANG_ENABLE_OBJC_WEAK = YES;
				CLANG_WARN_BLOCK_CAPTURE_AUTORELEASING = YES;
				CLANG_WARN_BOOL_CONVERSION = YES;
				CLANG_WARN_COMMA = YES;
				CLANG_WARN_CONSTANT_CONVERSION = YES;
				CLANG_WARN_DEPRECATED_OBJC_IMPLEMENTATIONS = YES;
				CLANG_WARN_DIRECT_OBJC_ISA_USAGE = YES_ERROR;
				CLANG_WARN_DOCUMENTATION_COMMENTS = YES;
				CLANG_WARN_EMPTY_BODY = YES;
				CLANG_WARN_ENUM_CONVERSION = YES;
				CLANG_WARN_INFINITE_RECURSION = YES;
				CLANG_WARN_INT_CONVERSION = YES;
				CLANG_WARN_NON_LITERAL_NULL_CONVERSION = YES;
				CLANG_WARN_OBJC_IMPLICIT_RETAIN_SELF = YES;
				CLANG_WARN_OBJC_LITERAL_CONVERSION = YES;
				CLANG_WARN_OBJC_ROOT_CLASS = YES_ERROR;
				CLANG_WARN_QUOTED_INCLUDE_IN_FRAMEWORK_HEADER = YES;
				CLANG_WARN_RANGE_LOOP_ANALYSIS = YES;
				CLANG_WARN_STRICT_PROTOTYPES = YES;
				CLANG_WARN_SUSPICIOUS_MOVE = YES;
				CLANG_WARN_UNGUARDED_AVAILABILITY = YES_AGGRESSIVE;
				CLANG_WARN_UNREACHABLE_CODE = YES;
				CLANG_WARN__DUPLICATE_METHOD_MATCH = YES;
				COPY_PHASE_STRIP = NO;
				DEBUG_INFORMATION_FORMAT = "dwarf-with-dsym";
				ENABLE_NS_ASSERTIONS = NO;
				ENABLE_STRICT_OBJC_MSGSEND = YES;
				GCC_C_LANGUAGE_STANDARD = gnu11;
				GCC_NO_COMMON_BLOCKS = YES;
				GCC_WARN_64_TO_32_BIT_CONVERSION = YES;
				GCC_WARN_ABOUT_RETURN_TYPE = YES_ERROR;
				GCC_WARN_UNDECLARED_SELECTOR = YES;
				GCC_WARN_UNINITIALIZED_AUTOS = YES_AGGRESSIVE;
				GCC_WARN_UNUSED_FUNCTION = YES;
				GCC_WARN_UNUSED_VARIABLE = YES;
				IPHONEOS_DEPLOYMENT_TARGET = 15.5;
				MTL_ENABLE_DEBUG_INFO = NO;
				MTL_FAST_MATH = YES;
				SDKROOT = iphoneos;
				SWIFT_COMPILATION_MODE = wholemodule;
				SWIFT_OPTIMIZATION_LEVEL = "-O";
				VALIDATE_PRODUCT = YES;
			};
			name = Release;
		};
		D7CE5F8A2877E29E00FA66AD /* Debug */ = {
			isa = XCBuildConfiguration;
			baseConfigurationReference = 1DE477F70140F5DEDB26DFC8 /* Pods-BankTest.debug.xcconfig */;
			buildSettings = {
				ASSETCATALOG_COMPILER_APPICON_NAME = AppIcon;
				ASSETCATALOG_COMPILER_GLOBAL_ACCENT_COLOR_NAME = AccentColor;
				CODE_SIGN_STYLE = Automatic;
				CURRENT_PROJECT_VERSION = 1;
				DEVELOPMENT_TEAM = MV57A2LJ72;
				GENERATE_INFOPLIST_FILE = YES;
				INFOPLIST_FILE = BankTest/Info.plist;
				INFOPLIST_KEY_UIApplicationSupportsIndirectInputEvents = YES;
				INFOPLIST_KEY_UILaunchStoryboardName = LaunchScreen;
				INFOPLIST_KEY_UISupportedInterfaceOrientations_iPad = "UIInterfaceOrientationPortrait UIInterfaceOrientationPortraitUpsideDown UIInterfaceOrientationLandscapeLeft UIInterfaceOrientationLandscapeRight";
				INFOPLIST_KEY_UISupportedInterfaceOrientations_iPhone = "UIInterfaceOrientationPortrait UIInterfaceOrientationLandscapeLeft UIInterfaceOrientationLandscapeRight";
				LD_RUNPATH_SEARCH_PATHS = (
					"$(inherited)",
					"@executable_path/Frameworks",
				);
				MARKETING_VERSION = 1.0;
				PRODUCT_BUNDLE_IDENTIFIER = com.carlospacheco.BankTest;
				PRODUCT_NAME = "$(TARGET_NAME)";
				SWIFT_EMIT_LOC_STRINGS = YES;
				SWIFT_VERSION = 5.0;
				TARGETED_DEVICE_FAMILY = "1,2";
			};
			name = Debug;
		};
		D7CE5F8B2877E29E00FA66AD /* Release */ = {
			isa = XCBuildConfiguration;
			baseConfigurationReference = 9C430CB027B1580C0DEC6D5D /* Pods-BankTest.release.xcconfig */;
			buildSettings = {
				ASSETCATALOG_COMPILER_APPICON_NAME = AppIcon;
				ASSETCATALOG_COMPILER_GLOBAL_ACCENT_COLOR_NAME = AccentColor;
				CODE_SIGN_STYLE = Automatic;
				CURRENT_PROJECT_VERSION = 1;
				DEVELOPMENT_TEAM = MV57A2LJ72;
				GENERATE_INFOPLIST_FILE = YES;
				INFOPLIST_FILE = BankTest/Info.plist;
				INFOPLIST_KEY_UIApplicationSupportsIndirectInputEvents = YES;
				INFOPLIST_KEY_UILaunchStoryboardName = LaunchScreen;
				INFOPLIST_KEY_UISupportedInterfaceOrientations_iPad = "UIInterfaceOrientationPortrait UIInterfaceOrientationPortraitUpsideDown UIInterfaceOrientationLandscapeLeft UIInterfaceOrientationLandscapeRight";
				INFOPLIST_KEY_UISupportedInterfaceOrientations_iPhone = "UIInterfaceOrientationPortrait UIInterfaceOrientationLandscapeLeft UIInterfaceOrientationLandscapeRight";
				LD_RUNPATH_SEARCH_PATHS = (
					"$(inherited)",
					"@executable_path/Frameworks",
				);
				MARKETING_VERSION = 1.0;
				PRODUCT_BUNDLE_IDENTIFIER = com.carlospacheco.BankTest;
				PRODUCT_NAME = "$(TARGET_NAME)";
				SWIFT_EMIT_LOC_STRINGS = YES;
				SWIFT_VERSION = 5.0;
				TARGETED_DEVICE_FAMILY = "1,2";
			};
			name = Release;
		};
		D7CE5F8D2877E29E00FA66AD /* Debug */ = {
			isa = XCBuildConfiguration;
			buildSettings = {
				ALWAYS_EMBED_SWIFT_STANDARD_LIBRARIES = YES;
				BUNDLE_LOADER = "$(TEST_HOST)";
				CODE_SIGN_STYLE = Automatic;
				CURRENT_PROJECT_VERSION = 1;
				DEVELOPMENT_TEAM = MV57A2LJ72;
				GENERATE_INFOPLIST_FILE = YES;
				IPHONEOS_DEPLOYMENT_TARGET = 15.5;
				MARKETING_VERSION = 1.0;
				PRODUCT_BUNDLE_IDENTIFIER = com.carlospacheco.BankTestTests;
				PRODUCT_NAME = "$(TARGET_NAME)";
				SWIFT_EMIT_LOC_STRINGS = NO;
				SWIFT_VERSION = 5.0;
				TARGETED_DEVICE_FAMILY = "1,2";
				TEST_HOST = "$(BUILT_PRODUCTS_DIR)/BankTest.app/BankTest";
			};
			name = Debug;
		};
		D7CE5F8E2877E29E00FA66AD /* Release */ = {
			isa = XCBuildConfiguration;
			buildSettings = {
				ALWAYS_EMBED_SWIFT_STANDARD_LIBRARIES = YES;
				BUNDLE_LOADER = "$(TEST_HOST)";
				CODE_SIGN_STYLE = Automatic;
				CURRENT_PROJECT_VERSION = 1;
				DEVELOPMENT_TEAM = MV57A2LJ72;
				GENERATE_INFOPLIST_FILE = YES;
				IPHONEOS_DEPLOYMENT_TARGET = 15.5;
				MARKETING_VERSION = 1.0;
				PRODUCT_BUNDLE_IDENTIFIER = com.carlospacheco.BankTestTests;
				PRODUCT_NAME = "$(TARGET_NAME)";
				SWIFT_EMIT_LOC_STRINGS = NO;
				SWIFT_VERSION = 5.0;
				TARGETED_DEVICE_FAMILY = "1,2";
				TEST_HOST = "$(BUILT_PRODUCTS_DIR)/BankTest.app/BankTest";
			};
			name = Release;
		};
		D7CE5F902877E29E00FA66AD /* Debug */ = {
			isa = XCBuildConfiguration;
			buildSettings = {
				ALWAYS_EMBED_SWIFT_STANDARD_LIBRARIES = YES;
				CODE_SIGN_STYLE = Automatic;
				CURRENT_PROJECT_VERSION = 1;
				DEVELOPMENT_TEAM = MV57A2LJ72;
				GENERATE_INFOPLIST_FILE = YES;
				MARKETING_VERSION = 1.0;
				PRODUCT_BUNDLE_IDENTIFIER = com.carlospacheco.BankTestUITests;
				PRODUCT_NAME = "$(TARGET_NAME)";
				SWIFT_EMIT_LOC_STRINGS = NO;
				SWIFT_VERSION = 5.0;
				TARGETED_DEVICE_FAMILY = "1,2";
				TEST_TARGET_NAME = BankTest;
			};
			name = Debug;
		};
		D7CE5F912877E29E00FA66AD /* Release */ = {
			isa = XCBuildConfiguration;
			buildSettings = {
				ALWAYS_EMBED_SWIFT_STANDARD_LIBRARIES = YES;
				CODE_SIGN_STYLE = Automatic;
				CURRENT_PROJECT_VERSION = 1;
				DEVELOPMENT_TEAM = MV57A2LJ72;
				GENERATE_INFOPLIST_FILE = YES;
				MARKETING_VERSION = 1.0;
				PRODUCT_BUNDLE_IDENTIFIER = com.carlospacheco.BankTestUITests;
				PRODUCT_NAME = "$(TARGET_NAME)";
				SWIFT_EMIT_LOC_STRINGS = NO;
				SWIFT_VERSION = 5.0;
				TARGETED_DEVICE_FAMILY = "1,2";
				TEST_TARGET_NAME = BankTest;
			};
			name = Release;
		};
/* End XCBuildConfiguration section */

/* Begin XCConfigurationList section */
		D7CE5F5A2877E29A00FA66AD /* Build configuration list for PBXProject "BankTest" */ = {
			isa = XCConfigurationList;
			buildConfigurations = (
				D7CE5F872877E29E00FA66AD /* Debug */,
				D7CE5F882877E29E00FA66AD /* Release */,
			);
			defaultConfigurationIsVisible = 0;
			defaultConfigurationName = Release;
		};
		D7CE5F892877E29E00FA66AD /* Build configuration list for PBXNativeTarget "BankTest" */ = {
			isa = XCConfigurationList;
			buildConfigurations = (
				D7CE5F8A2877E29E00FA66AD /* Debug */,
				D7CE5F8B2877E29E00FA66AD /* Release */,
			);
			defaultConfigurationIsVisible = 0;
			defaultConfigurationName = Release;
		};
		D7CE5F8C2877E29E00FA66AD /* Build configuration list for PBXNativeTarget "BankTestTests" */ = {
			isa = XCConfigurationList;
			buildConfigurations = (
				D7CE5F8D2877E29E00FA66AD /* Debug */,
				D7CE5F8E2877E29E00FA66AD /* Release */,
			);
			defaultConfigurationIsVisible = 0;
			defaultConfigurationName = Release;
		};
		D7CE5F8F2877E29E00FA66AD /* Build configuration list for PBXNativeTarget "BankTestUITests" */ = {
			isa = XCConfigurationList;
			buildConfigurations = (
				D7CE5F902877E29E00FA66AD /* Debug */,
				D7CE5F912877E29E00FA66AD /* Release */,
			);
			defaultConfigurationIsVisible = 0;
			defaultConfigurationName = Release;
		};
/* End XCConfigurationList section */
	};
	rootObject = D7CE5F572877E29A00FA66AD /* Project object */;
}
